
Microsoft Visual Studio Solution File, Format Version 12.00
# Visual Studio Version 17
VisualStudioVersion = 17.14.36203.30 d17.14
MinimumVisualStudioVersion = 10.0.40219.1
Project("{FAE04EC0-301F-11D3-BF4B-00C04F79EFBC}") = "CF-DUC-Tool", "CF-DUC-Tool.csproj", "{19565864-0D06-4917-9010-E802BC5926DA}"
EndProject
Global
	GlobalSection(SolutionConfigurationPlatforms) = preSolution
		Debug|Any CPU = Debug|Any CPU
		Release|Any CPU = Release|Any CPU
	EndGlobalSection
	GlobalSection(ProjectConfigurationPlatforms) = postSolution
		{19565864-0D06-4917-9010-E802BC5926DA}.Debug|Any CPU.ActiveCfg = Debug|Any CPU
		{19565864-0D06-4917-9010-E802BC5926DA}.Debug|Any CPU.Build.0 = Debug|Any CPU
		{19565864-0D06-4917-9010-E802BC5926DA}.Release|Any CPU.ActiveCfg = Release|Any CPU
		{19565864-0D06-4917-9010-E802BC5926DA}.Release|Any CPU.Build.0 = Release|Any CPU
	EndGlobalSection
	GlobalSection(SolutionProperties) = preSolution
		HideSolutionNode = FALSE
	EndGlobalSection
	GlobalSection(ExtensibilityGlobals) = postSolution
		SolutionGuid = {273D186D-35C1-4FE0-8663-E613E9A326CF}
	EndGlobalSection
EndGlobal
